
Microsoft Visual Studio Solution File, Format Version 12.00
# Visual Studio Version 18
VisualStudioVersion = 18.3.11520.95 d18.3
MinimumVisualStudioVersion = 10.0.40219.1
Project("{FAE04EC0-301F-11D3-BF4B-00C04F79EFBC}") = "KK.DesignPattern.Builder", "KK.DesignPattern.Builder\KK.DesignPattern.Builder.csproj", "{CFA57638-696B-465C-9E96-D08B72A9E0CB}"
EndProject
Global
	GlobalSection(SolutionConfigurationPlatforms) = preSolution
		Debug|Any CPU = Debug|Any CPU
		Release|Any CPU = Release|Any CPU
	EndGlobalSection
	GlobalSection(ProjectConfigurationPlatforms) = postSolution
		{CFA57638-696B-465C-9E96-D08B72A9E0CB}.Debug|Any CPU.ActiveCfg = Debug|Any CPU
		{CFA57638-696B-465C-9E96-D08B72A9E0CB}.Debug|Any CPU.Build.0 = Debug|Any CPU
		{CFA57638-696B-465C-9E96-D08B72A9E0CB}.Release|Any CPU.ActiveCfg = Release|Any CPU
		{CFA57638-696B-465C-9E96-D08B72A9E0CB}.Release|Any CPU.Build.0 = Release|Any CPU
	EndGlobalSection
	GlobalSection(SolutionProperties) = preSolution
		HideSolutionNode = FALSE
	EndGlobalSection
	GlobalSection(ExtensibilityGlobals) = postSolution
		SolutionGuid = {EEA1D837-08E6-40DF-A602-50B1D2C67665}
	EndGlobalSection
EndGlobal
